
Microsoft Visual Studio Solution File, Format Version 12.00
# Visual Studio Version 17
VisualStudioVersion = 17.13.35913.81
MinimumVisualStudioVersion = 10.0.40219.1
Project("{FAE04EC0-301F-11D3-BF4B-00C04F79EFBC}") = "nomsol.core", "nomsol.core.csproj", "{04D9FC01-6605-4863-937D-47C83E259801}"
EndProject
Global
	GlobalSection(SolutionConfigurationPlatforms) = preSolution
		Debug|Any CPU = Debug|Any CPU
		Release|Any CPU = Release|Any CPU
	EndGlobalSection
	GlobalSection(ProjectConfigurationPlatforms) = postSolution
		{04D9FC01-6605-4863-937D-47C83E259801}.Debug|Any CPU.ActiveCfg = Debug|Any CPU
		{04D9FC01-6605-4863-937D-47C83E259801}.Debug|Any CPU.Build.0 = Debug|Any CPU
		{04D9FC01-6605-4863-937D-47C83E259801}.Release|Any CPU.ActiveCfg = Release|Any CPU
		{04D9FC01-6605-4863-937D-47C83E259801}.Release|Any CPU.Build.0 = Release|Any CPU
	EndGlobalSection
	GlobalSection(SolutionProperties) = preSolution
		HideSolutionNode = FALSE
	EndGlobalSection
	GlobalSection(ExtensibilityGlobals) = postSolution
		SolutionGuid = {24DC5FA5-05F4-456F-81C5-5A4A1006201C}
	EndGlobalSection
EndGlobal
